<?xml version="1.0" encoding="utf-8"?>
<Project ToolsVersion="16.0" xmlns="http://schemas.microsoft.com/developer/msbuild/2003">
  <ItemGroup>
    <ClCompile Include="E:\programming\projects\tinyrenderer\main.cpp">
      <Filter>Source Files</Filter>
    </ClCompile>
    <ClCompile Include="E:\programming\projects\tinyrenderer\model.cpp">
      <Filter>Source Files</Filter>
    </ClCompile>
    <ClCompile Include="E:\programming\projects\tinyrenderer\tgaimage.cpp">
      <Filter>Source Files</Filter>
    </ClCompile>
    <ClCompile Include="E:\programming\projects\tinyrenderer\geometry.cpp">
      <Filter>Source Files</Filter>
    </ClCompile>
  </ItemGroup>
  <ItemGroup>
    <ClInclude Include="E:\programming\projects\tinyrenderer\geometry.h">
      <Filter>Header Files</Filter>
    </ClInclude>
    <ClInclude Include="E:\programming\projects\tinyrenderer\model.h">
      <Filter>Header Files</Filter>
    </ClInclude>
    <ClInclude Include="E:\programming\projects\tinyrenderer\tgaimage.h">
      <Filter>Header Files</Filter>
    </ClInclude>
  </ItemGroup>
  <ItemGroup>
    <CustomBuild Include="E:\programming\projects\tinyrenderer\CMakeLists.txt" />
  </ItemGroup>
  <ItemGroup>
    <Filter Include="Header Files">
      <UniqueIdentifier>{4F499E17-6CF7-3E14-9AB0-D0F9C4B03153}</UniqueIdentifier>
    </Filter>
    <Filter Include="Source Files">
      <UniqueIdentifier>{250E89AA-6FF1-333E-8D1C-79208A689D04}</UniqueIdentifier>
    </Filter>
  </ItemGroup>
</Project>